// !$*UTF8*$!
{
	archiveVersion = 1;
	classes = {
	};
	objectVersion = 46;
	objects = {

/* Begin PBXBuildFile section */
		C40379A61CBC853A009F728A /* MineTableViewController.m in Sources */ = {isa = PBXBuildFile; fileRef = C40379A51CBC853A009F728A /* MineTableViewController.m */; };
		C40379A91CBC8643009F728A /* FindTableViewController.m in Sources */ = {isa = PBXBuildFile; fileRef = C40379A81CBC8643009F728A /* FindTableViewController.m */; };
		C40379AD1CBCA4B2009F728A /* MineViewCollectionViewCell.m in Sources */ = {isa = PBXBuildFile; fileRef = C40379AC1CBCA4B2009F728A /* MineViewCollectionViewCell.m */; };
		C40379B01CBCB5AB009F728A /* CollectionViewCellClick.storyboard in Resources */ = {isa = PBXBuildFile; fileRef = C40379AF1CBCB5AB009F728A /* CollectionViewCellClick.storyboard */; };
		C40379B31CBCB8F9009F728A /* MissionTableViewController.m in Sources */ = {isa = PBXBuildFile; fileRef = C40379B21CBCB8F9009F728A /* MissionTableViewController.m */; };
		C40379B61CBCD911009F728A /* HomeTableViewController.m in Sources */ = {isa = PBXBuildFile; fileRef = C40379B51CBCD911009F728A /* HomeTableViewController.m */; };
		C40379B81CBCF547009F728A /* Edit.storyboard in Resources */ = {isa = PBXBuildFile; fileRef = C40379B71CBCF547009F728A /* Edit.storyboard */; };
		C43C77481CBDD5F5009F5E13 /* SelfInfo.storyboard in Resources */ = {isa = PBXBuildFile; fileRef = C43C77471CBDD5F5009F5E13 /* SelfInfo.storyboard */; };
		C43C774B1CBDD952009F5E13 /* MyWallet.storyboard in Resources */ = {isa = PBXBuildFile; fileRef = C43C774A1CBDD952009F5E13 /* MyWallet.storyboard */; };
		C43C774E1CBDEB34009F5E13 /* MyWalletCollectionViewController.m in Sources */ = {isa = PBXBuildFile; fileRef = C43C774D1CBDEB34009F5E13 /* MyWalletCollectionViewController.m */; };
		C43C77511CBDEC3E009F5E13 /* MyWalletCollectionViewCell.m in Sources */ = {isa = PBXBuildFile; fileRef = C43C77501CBDEC3E009F5E13 /* MyWalletCollectionViewCell.m */; };
		C43C77591CBE254B009F5E13 /* ZXScrollView.m in Sources */ = {isa = PBXBuildFile; fileRef = C43C77581CBE254B009F5E13 /* ZXScrollView.m */; };
		C43C775C1CBE286E009F5E13 /* 1.jpg in Resources */ = {isa = PBXBuildFile; fileRef = C43C775A1CBE286E009F5E13 /* 1.jpg */; };
		C43C775D1CBE286E009F5E13 /* 2.jpg in Resources */ = {isa = PBXBuildFile; fileRef = C43C775B1CBE286E009F5E13 /* 2.jpg */; };
		C43C775F1CBE4324009F5E13 /* 11.jpg in Resources */ = {isa = PBXBuildFile; fileRef = C43C775E1CBE4324009F5E13 /* 11.jpg */; };
		C43C77651CBE4C37009F5E13 /* fa xian 30  2x.png in Resources */ = {isa = PBXBuildFile; fileRef = C43C77611CBE4C37009F5E13 /* fa xian 30  2x.png */; };
		C43C77661CBE4C37009F5E13 /* shou ye 30  2x.png in Resources */ = {isa = PBXBuildFile; fileRef = C43C77621CBE4C37009F5E13 /* shou ye 30  2x.png */; };
		C43C77671CBE4C37009F5E13 /* wo 30  2x.png in Resources */ = {isa = PBXBuildFile; fileRef = C43C77631CBE4C37009F5E13 /* wo 30  2x.png */; };
		C43C77681CBE4C37009F5E13 /* xiao xi 30  2x.png in Resources */ = {isa = PBXBuildFile; fileRef = C43C77641CBE4C37009F5E13 /* xiao xi 30  2x.png */; };
		C43EB19A1CC48B8800E86442 /* AnotherSearchViewController.m in Sources */ = {isa = PBXBuildFile; fileRef = C43EB1991CC48B8800E86442 /* AnotherSearchViewController.m */; };
		C43EB1B01CC48C0700E86442 /* ChineseString.m in Sources */ = {isa = PBXBuildFile; fileRef = C43EB19C1CC48C0700E86442 /* ChineseString.m */; };
		C43EB1B11CC48C0700E86442 /* pinyin.c in Sources */ = {isa = PBXBuildFile; fileRef = C43EB19D1CC48C0700E86442 /* pinyin.c */; };
		C43EB1B21CC48C0700E86442 /* ChineseInclude.m in Sources */ = {isa = PBXBuildFile; fileRef = C43EB1A01CC48C0700E86442 /* ChineseInclude.m */; };
		C43EB1B31CC48C0700E86442 /* ChineseToPinyinResource.m in Sources */ = {isa = PBXBuildFile; fileRef = C43EB1A21CC48C0700E86442 /* ChineseToPinyinResource.m */; };
		C43EB1B41CC48C0700E86442 /* HanyuPinyinOutputFormat.m in Sources */ = {isa = PBXBuildFile; fileRef = C43EB1A41CC48C0700E86442 /* HanyuPinyinOutputFormat.m */; };
		C43EB1B51CC48C0700E86442 /* NSString+PinYin4Cocoa.m in Sources */ = {isa = PBXBuildFile; fileRef = C43EB1A61CC48C0700E86442 /* NSString+PinYin4Cocoa.m */; };
		C43EB1B61CC48C0700E86442 /* PinyinFormatter.m in Sources */ = {isa = PBXBuildFile; fileRef = C43EB1A81CC48C0700E86442 /* PinyinFormatter.m */; };
		C43EB1B71CC48C0700E86442 /* PinYinForObjc.m in Sources */ = {isa = PBXBuildFile; fileRef = C43EB1AA1CC48C0700E86442 /* PinYinForObjc.m */; };
		C43EB1B81CC48C0700E86442 /* PinyinHelper.m in Sources */ = {isa = PBXBuildFile; fileRef = C43EB1AC1CC48C0700E86442 /* PinyinHelper.m */; };
		C43EB1B91CC48C0700E86442 /* unicode_to_hanyu_pinyin.txt in Resources */ = {isa = PBXBuildFile; fileRef = C43EB1AD1CC48C0700E86442 /* unicode_to_hanyu_pinyin.txt */; };
		C43EB1BA1CC48C0700E86442 /* ZYPinYinSearch.m in Sources */ = {isa = PBXBuildFile; fileRef = C43EB1AF1CC48C0700E86442 /* ZYPinYinSearch.m */; };
		C43EB1BE1CC4C70E00E86442 /* CustomNavViewController.m in Sources */ = {isa = PBXBuildFile; fileRef = C43EB1BD1CC4C70E00E86442 /* CustomNavViewController.m */; };
		C43EB1C11CC4D1F400E86442 /* BaseTableViewController.m in Sources */ = {isa = PBXBuildFile; fileRef = C43EB1C01CC4D1F400E86442 /* BaseTableViewController.m */; };
		C440AF371CA2425A008ED3AF /* Login.storyboard in Resources */ = {isa = PBXBuildFile; fileRef = C440AF361CA2425A008ED3AF /* Login.storyboard */; };
		C4A946321CC5D5A800AEB098 /* HomeInfoViewController.m in Sources */ = {isa = PBXBuildFile; fileRef = C4A946311CC5D5A800AEB098 /* HomeInfoViewController.m */; };
		C4A946381CC5D5E300AEB098 /* XLSphereView.m in Sources */ = {isa = PBXBuildFile; fileRef = C4A946371CC5D5E300AEB098 /* XLSphereView.m */; };
		C4A9463B1CC5E16000AEB098 /* InfoDetailViewController.m in Sources */ = {isa = PBXBuildFile; fileRef = C4A9463A1CC5E16000AEB098 /* InfoDetailViewController.m */; };
		C4B957891CC0867C0004DFD7 /* CustomTabBarViewController.m in Sources */ = {isa = PBXBuildFile; fileRef = C4B957881CC0867C0004DFD7 /* CustomTabBarViewController.m */; };
		C4B9578C1CC0C0E50004DFD7 /* city.plist in Resources */ = {isa = PBXBuildFile; fileRef = C4B9578B1CC0C0E50004DFD7 /* city.plist */; };
		C4CB00441CBF4BD3002F5EC0 /* zhiweipai.storyboard in Resources */ = {isa = PBXBuildFile; fileRef = C4CB00431CBF4BD3002F5EC0 /* zhiweipai.storyboard */; };
		C4CB00501CBF7DC8002F5EC0 /* ZWPaiTableViewController.m in Sources */ = {isa = PBXBuildFile; fileRef = C4CB004F1CBF7DC8002F5EC0 /* ZWPaiTableViewController.m */; };
		C4CB00531CBF7F44002F5EC0 /* ZWPaiCollectionView.m in Sources */ = {isa = PBXBuildFile; fileRef = C4CB00521CBF7F44002F5EC0 /* ZWPaiCollectionView.m */; };
		C4CB00571CBF990A002F5EC0 /* TestCollectionViewCell.m in Sources */ = {isa = PBXBuildFile; fileRef = C4CB00551CBF990A002F5EC0 /* TestCollectionViewCell.m */; };
		C4CB00581CBF990A002F5EC0 /* TestCollectionViewCell.xib in Resources */ = {isa = PBXBuildFile; fileRef = C4CB00561CBF990A002F5EC0 /* TestCollectionViewCell.xib */; };
		C4CB005C1CBFA14A002F5EC0 /* BusinessCenterCollectionViewCell.m in Sources */ = {isa = PBXBuildFile; fileRef = C4CB005A1CBFA14A002F5EC0 /* BusinessCenterCollectionViewCell.m */; };
		C4CB005D1CBFA14A002F5EC0 /* BusinessCenterCollectionViewCell.xib in Resources */ = {isa = PBXBuildFile; fileRef = C4CB005B1CBFA14A002F5EC0 /* BusinessCenterCollectionViewCell.xib */; };
		C4CB00611CBFABA3002F5EC0 /* LibraryCollectionViewCell.m in Sources */ = {isa = PBXBuildFile; fileRef = C4CB005F1CBFABA3002F5EC0 /* LibraryCollectionViewCell.m */; };
		C4CB00621CBFABA3002F5EC0 /* LibraryCollectionViewCell.xib in Resources */ = {isa = PBXBuildFile; fileRef = C4CB00601CBFABA3002F5EC0 /* LibraryCollectionViewCell.xib */; };
		C4D396811CBCFF2B00B584B8 /* Mine.storyboard in Resources */ = {isa = PBXBuildFile; fileRef = C4D396801CBCFF2B00B584B8 /* Mine.storyboard */; };
		C4DE96041CBB580F001B56D4 /* logo.png in Resources */ = {isa = PBXBuildFile; fileRef = C4DE96031CBB580F001B56D4 /* logo.png */; };
		C4DE96081CBB7D87001B56D4 /* LoginViewController.m in Sources */ = {isa = PBXBuildFile; fileRef = C4DE96071CBB7D87001B56D4 /* LoginViewController.m */; };
		C4DE960B1CBB7DB8001B56D4 /* SendCodeViewController.m in Sources */ = {isa = PBXBuildFile; fileRef = C4DE960A1CBB7DB8001B56D4 /* SendCodeViewController.m */; };
		C4DE960E1CBB806D001B56D4 /* RegistViewController.m in Sources */ = {isa = PBXBuildFile; fileRef = C4DE960D1CBB806D001B56D4 /* RegistViewController.m */; };
		C4DE96111CBB807B001B56D4 /* FindPwdViewController.m in Sources */ = {isa = PBXBuildFile; fileRef = C4DE96101CBB807B001B56D4 /* FindPwdViewController.m */; };
		C4DE96141CBB94E7001B56D4 /* MessageViewController.m in Sources */ = {isa = PBXBuildFile; fileRef = C4DE96131CBB94E7001B56D4 /* MessageViewController.m */; };
		C4E04B7E1CA0F72A00651651 /* main.m in Sources */ = {isa = PBXBuildFile; fileRef = C4E04B7D1CA0F72A00651651 /* main.m */; };
		C4E04B811CA0F72A00651651 /* AppDelegate.m in Sources */ = {isa = PBXBuildFile; fileRef = C4E04B801CA0F72A00651651 /* AppDelegate.m */; };
		C4E04B841CA0F72A00651651 /* ViewController.m in Sources */ = {isa = PBXBuildFile; fileRef = C4E04B831CA0F72A00651651 /* ViewController.m */; };
		C4E04B871CA0F72A00651651 /* Main.storyboard in Resources */ = {isa = PBXBuildFile; fileRef = C4E04B851CA0F72A00651651 /* Main.storyboard */; };
		C4E04B891CA0F72A00651651 /* Assets.xcassets in Resources */ = {isa = PBXBuildFile; fileRef = C4E04B881CA0F72A00651651 /* Assets.xcassets */; };
		C4E04B8C1CA0F72A00651651 /* LaunchScreen.storyboard in Resources */ = {isa = PBXBuildFile; fileRef = C4E04B8A1CA0F72A00651651 /* LaunchScreen.storyboard */; };
		C4E04B971CA0F72A00651651 /* CorepassZhiWeiTests.m in Sources */ = {isa = PBXBuildFile; fileRef = C4E04B961CA0F72A00651651 /* CorepassZhiWeiTests.m */; };
		C4E04BA21CA0F72A00651651 /* CorepassZhiWeiUITests.m in Sources */ = {isa = PBXBuildFile; fileRef = C4E04BA11CA0F72A00651651 /* CorepassZhiWeiUITests.m */; };
		C4E04BB51CA0FF1E00651651 /* HomePage.storyboard in Resources */ = {isa = PBXBuildFile; fileRef = C4E04BB41CA0FF1E00651651 /* HomePage.storyboard */; };
		C4E04BB71CA0FF2B00651651 /* Message.storyboard in Resources */ = {isa = PBXBuildFile; fileRef = C4E04BB61CA0FF2B00651651 /* Message.storyboard */; };
		C4E04BB91CA0FF5400651651 /* Find.storyboard in Resources */ = {isa = PBXBuildFile; fileRef = C4E04BB81CA0FF5400651651 /* Find.storyboard */; };
		C4E04BC01CA1526200651651 /* head.jpg in Resources */ = {isa = PBXBuildFile; fileRef = C4E04BBF1CA1526200651651 /* head.jpg */; };
/* End PBXBuildFile section */

/* Begin PBXContainerItemProxy section */
		C4E04B931CA0F72A00651651 /* PBXContainerItemProxy */ = {
			isa = PBXContainerItemProxy;
			containerPortal = C4E04B711CA0F72900651651 /* Project object */;
			proxyType = 1;
			remoteGlobalIDString = C4E04B781CA0F72900651651;
			remoteInfo = CorepassZhiWei;
		};
		C4E04B9E1CA0F72A00651651 /* PBXContainerItemProxy */ = {
			isa = PBXContainerItemProxy;
			containerPortal = C4E04B711CA0F72900651651 /* Project object */;
			proxyType = 1;
			remoteGlobalIDString = C4E04B781CA0F72900651651;
			remoteInfo = CorepassZhiWei;
		};
/* End PBXContainerItemProxy section */

/* Begin PBXFileReference section */
		C40379A41CBC853A009F728A /* MineTableViewController.h */ = {isa = PBXFileReference; fileEncoding = 4; lastKnownFileType = sourcecode.c.h; path = MineTableViewController.h; sourceTree = "<group>"; };
		C40379A51CBC853A009F728A /* MineTableViewController.m */ = {isa = PBXFileReference; fileEncoding = 4; lastKnownFileType = sourcecode.c.objc; path = MineTableViewController.m; sourceTree = "<group>"; tabWidth = 5; };
		C40379A71CBC8643009F728A /* FindTableViewController.h */ = {isa = PBXFileReference; fileEncoding = 4; lastKnownFileType = sourcecode.c.h; path = FindTableViewController.h; sourceTree = "<group>"; };
		C40379A81CBC8643009F728A /* FindTableViewController.m */ = {isa = PBXFileReference; fileEncoding = 4; lastKnownFileType = sourcecode.c.objc; path = FindTableViewController.m; sourceTree = "<group>"; };
		C40379AB1CBCA4B2009F728A /* MineViewCollectionViewCell.h */ = {isa = PBXFileReference; fileEncoding = 4; lastKnownFileType = sourcecode.c.h; path = MineViewCollectionViewCell.h; sourceTree = "<group>"; };
		C40379AC1CBCA4B2009F728A /* MineViewCollectionViewCell.m */ = {isa = PBXFileReference; fileEncoding = 4; lastKnownFileType = sourcecode.c.objc; path = MineViewCollectionViewCell.m; sourceTree = "<group>"; };
		C40379AF1CBCB5AB009F728A /* CollectionViewCellClick.storyboard */ = {isa = PBXFileReference; fileEncoding = 4; lastKnownFileType = file.storyboard; path = CollectionViewCellClick.storyboard; sourceTree = "<group>"; };
		C40379B11CBCB8F9009F728A /* MissionTableViewController.h */ = {isa = PBXFileReference; fileEncoding = 4; lastKnownFileType = sourcecode.c.h; path = MissionTableViewController.h; sourceTree = "<group>"; };
		C40379B21CBCB8F9009F728A /* MissionTableViewController.m */ = {isa = PBXFileReference; fileEncoding = 4; lastKnownFileType = sourcecode.c.objc; path = MissionTableViewController.m; sourceTree = "<group>"; };
		C40379B41CBCD911009F728A /* HomeTableViewController.h */ = {isa = PBXFileReference; fileEncoding = 4; lastKnownFileType = sourcecode.c.h; path = HomeTableViewController.h; sourceTree = "<group>"; };
		C40379B51CBCD911009F728A /* HomeTableViewController.m */ = {isa = PBXFileReference; fileEncoding = 4; lastKnownFileType = sourcecode.c.objc; path = HomeTableViewController.m; sourceTree = "<group>"; };
		C40379B71CBCF547009F728A /* Edit.storyboard */ = {isa = PBXFileReference; fileEncoding = 4; lastKnownFileType = file.storyboard; path = Edit.storyboard; sourceTree = "<group>"; };
		C43C77471CBDD5F5009F5E13 /* SelfInfo.storyboard */ = {isa = PBXFileReference; fileEncoding = 4; lastKnownFileType = file.storyboard; path = SelfInfo.storyboard; sourceTree = "<group>"; };
		C43C774A1CBDD952009F5E13 /* MyWallet.storyboard */ = {isa = PBXFileReference; fileEncoding = 4; lastKnownFileType = file.storyboard; path = MyWallet.storyboard; sourceTree = "<group>"; };
		C43C774C1CBDEB34009F5E13 /* MyWalletCollectionViewController.h */ = {isa = PBXFileReference; fileEncoding = 4; lastKnownFileType = sourcecode.c.h; path = MyWalletCollectionViewController.h; sourceTree = "<group>"; };
		C43C774D1CBDEB34009F5E13 /* MyWalletCollectionViewController.m */ = {isa = PBXFileReference; fileEncoding = 4; lastKnownFileType = sourcecode.c.objc; path = MyWalletCollectionViewController.m; sourceTree = "<group>"; };
		C43C774F1CBDEC3E009F5E13 /* MyWalletCollectionViewCell.h */ = {isa = PBXFileReference; fileEncoding = 4; lastKnownFileType = sourcecode.c.h; path = MyWalletCollectionViewCell.h; sourceTree = "<group>"; };
		C43C77501CBDEC3E009F5E13 /* MyWalletCollectionViewCell.m */ = {isa = PBXFileReference; fileEncoding = 4; lastKnownFileType = sourcecode.c.objc; path = MyWalletCollectionViewCell.m; sourceTree = "<group>"; };
		C43C77561CBE254B009F5E13 /* ZXScroll.h */ = {isa = PBXFileReference; fileEncoding = 4; lastKnownFileType = sourcecode.c.h; path = ZXScroll.h; sourceTree = "<group>"; };
		C43C77571CBE254B009F5E13 /* ZXScrollView.h */ = {isa = PBXFileReference; fileEncoding = 4; lastKnownFileType = sourcecode.c.h; path = ZXScrollView.h; sourceTree = "<group>"; };
		C43C77581CBE254B009F5E13 /* ZXScrollView.m */ = {isa = PBXFileReference; fileEncoding = 4; lastKnownFileType = sourcecode.c.objc; path = ZXScrollView.m; sourceTree = "<group>"; };
		C43C775A1CBE286E009F5E13 /* 1.jpg */ = {isa = PBXFileReference; lastKnownFileType = image.jpeg; path = 1.jpg; sourceTree = "<group>"; };
		C43C775B1CBE286E009F5E13 /* 2.jpg */ = {isa = PBXFileReference; lastKnownFileType = image.jpeg; path = 2.jpg; sourceTree = "<group>"; };
		C43C775E1CBE4324009F5E13 /* 11.jpg */ = {isa = PBXFileReference; lastKnownFileType = image.jpeg; path = 11.jpg; sourceTree = "<group>"; };
		C43C77611CBE4C37009F5E13 /* fa xian 30  2x.png */ = {isa = PBXFileReference; lastKnownFileType = image.png; path = "fa xian 30  2x.png"; sourceTree = "<group>"; };
		C43C77621CBE4C37009F5E13 /* shou ye 30  2x.png */ = {isa = PBXFileReference; lastKnownFileType = image.png; path = "shou ye 30  2x.png"; sourceTree = "<group>"; };
		C43C77631CBE4C37009F5E13 /* wo 30  2x.png */ = {isa = PBXFileReference; lastKnownFileType = image.png; path = "wo 30  2x.png"; sourceTree = "<group>"; };
		C43C77641CBE4C37009F5E13 /* xiao xi 30  2x.png */ = {isa = PBXFileReference; lastKnownFileType = image.png; path = "xiao xi 30  2x.png"; sourceTree = "<group>"; };
		C43EB1981CC48B8800E86442 /* AnotherSearchViewController.h */ = {isa = PBXFileReference; fileEncoding = 4; lastKnownFileType = sourcecode.c.h; path = AnotherSearchViewController.h; sourceTree = "<group>"; };
		C43EB1991CC48B8800E86442 /* AnotherSearchViewController.m */ = {isa = PBXFileReference; fileEncoding = 4; lastKnownFileType = sourcecode.c.objc; path = AnotherSearchViewController.m; sourceTree = "<group>"; };
		C43EB19B1CC48C0700E86442 /* ChineseString.h */ = {isa = PBXFileReference; fileEncoding = 4; lastKnownFileType = sourcecode.c.h; path = ChineseString.h; sourceTree = "<group>"; };
		C43EB19C1CC48C0700E86442 /* ChineseString.m */ = {isa = PBXFileReference; fileEncoding = 4; lastKnownFileType = sourcecode.c.objc; path = ChineseString.m; sourceTree = "<group>"; };
		C43EB19D1CC48C0700E86442 /* pinyin.c */ = {isa = PBXFileReference; fileEncoding = 4; lastKnownFileType = sourcecode.c.c; path = pinyin.c; sourceTree = "<group>"; };
		C43EB19E1CC48C0700E86442 /* pinyin.h */ = {isa = PBXFileReference; fileEncoding = 4; lastKnownFileType = sourcecode.c.h; path = pinyin.h; sourceTree = "<group>"; };
		C43EB19F1CC48C0700E86442 /* ChineseInclude.h */ = {isa = PBXFileReference; fileEncoding = 4; lastKnownFileType = sourcecode.c.h; path = ChineseInclude.h; sourceTree = "<group>"; };
		C43EB1A01CC48C0700E86442 /* ChineseInclude.m */ = {isa = PBXFileReference; fileEncoding = 4; lastKnownFileType = sourcecode.c.objc; path = ChineseInclude.m; sourceTree = "<group>"; };
		C43EB1A11CC48C0700E86442 /* ChineseToPinyinResource.h */ = {isa = PBXFileReference; fileEncoding = 4; lastKnownFileType = sourcecode.c.h; path = ChineseToPinyinResource.h; sourceTree = "<group>"; };
		C43EB1A21CC48C0700E86442 /* ChineseToPinyinResource.m */ = {isa = PBXFileReference; fileEncoding = 4; lastKnownFileType = sourcecode.c.objc; path = ChineseToPinyinResource.m; sourceTree = "<group>"; };
		C43EB1A31CC48C0700E86442 /* HanyuPinyinOutputFormat.h */ = {isa = PBXFileReference; fileEncoding = 4; lastKnownFileType = sourcecode.c.h; path = HanyuPinyinOutputFormat.h; sourceTree = "<group>"; };
		C43EB1A41CC48C0700E86442 /* HanyuPinyinOutputFormat.m */ = {isa = PBXFileReference; fileEncoding = 4; lastKnownFileType = sourcecode.c.objc; path = HanyuPinyinOutputFormat.m; sourceTree = "<group>"; };
		C43EB1A51CC48C0700E86442 /* NSString+PinYin4Cocoa.h */ = {isa = PBXFileReference; fileEncoding = 4; lastKnownFileType = sourcecode.c.h; path = "NSString+PinYin4Cocoa.h"; sourceTree = "<group>"; };
		C43EB1A61CC48C0700E86442 /* NSString+PinYin4Cocoa.m */ = {isa = PBXFileReference; fileEncoding = 4; lastKnownFileType = sourcecode.c.objc; path = "NSString+PinYin4Cocoa.m"; sourceTree = "<group>"; };
		C43EB1A71CC48C0700E86442 /* PinyinFormatter.h */ = {isa = PBXFileReference; fileEncoding = 4; lastKnownFileType = sourcecode.c.h; path = PinyinFormatter.h; sourceTree = "<group>"; };
		C43EB1A81CC48C0700E86442 /* PinyinFormatter.m */ = {isa = PBXFileReference; fileEncoding = 4; lastKnownFileType = sourcecode.c.objc; path = PinyinFormatter.m; sourceTree = "<group>"; };
		C43EB1A91CC48C0700E86442 /* PinYinForObjc.h */ = {isa = PBXFileReference; fileEncoding = 4; lastKnownFileType = sourcecode.c.h; path = PinYinForObjc.h; sourceTree = "<group>"; };
		C43EB1AA1CC48C0700E86442 /* PinYinForObjc.m */ = {isa = PBXFileReference; fileEncoding = 4; lastKnownFileType = sourcecode.c.objc; path = PinYinForObjc.m; sourceTree = "<group>"; };
		C43EB1AB1CC48C0700E86442 /* PinyinHelper.h */ = {isa = PBXFileReference; fileEncoding = 4; lastKnownFileType = sourcecode.c.h; path = PinyinHelper.h; sourceTree = "<group>"; };
		C43EB1AC1CC48C0700E86442 /* PinyinHelper.m */ = {isa = PBXFileReference; fileEncoding = 4; lastKnownFileType = sourcecode.c.objc; path = PinyinHelper.m; sourceTree = "<group>"; };
		C43EB1AD1CC48C0700E86442 /* unicode_to_hanyu_pinyin.txt */ = {isa = PBXFileReference; fileEncoding = 4; lastKnownFileType = text; path = unicode_to_hanyu_pinyin.txt; sourceTree = "<group>"; };
		C43EB1AE1CC48C0700E86442 /* ZYPinYinSearch.h */ = {isa = PBXFileReference; fileEncoding = 4; lastKnownFileType = sourcecode.c.h; path = ZYPinYinSearch.h; sourceTree = "<group>"; };
		C43EB1AF1CC48C0700E86442 /* ZYPinYinSearch.m */ = {isa = PBXFileReference; fileEncoding = 4; lastKnownFileType = sourcecode.c.objc; path = ZYPinYinSearch.m; sourceTree = "<group>"; };
		C43EB1BC1CC4C70E00E86442 /* CustomNavViewController.h */ = {isa = PBXFileReference; fileEncoding = 4; lastKnownFileType = sourcecode.c.h; path = CustomNavViewController.h; sourceTree = "<group>"; };
		C43EB1BD1CC4C70E00E86442 /* CustomNavViewController.m */ = {isa = PBXFileReference; fileEncoding = 4; lastKnownFileType = sourcecode.c.objc; path = CustomNavViewController.m; sourceTree = "<group>"; };
		C43EB1BF1CC4D1F400E86442 /* BaseTableViewController.h */ = {isa = PBXFileReference; fileEncoding = 4; lastKnownFileType = sourcecode.c.h; path = BaseTableViewController.h; sourceTree = "<group>"; };
		C43EB1C01CC4D1F400E86442 /* BaseTableViewController.m */ = {isa = PBXFileReference; fileEncoding = 4; lastKnownFileType = sourcecode.c.objc; path = BaseTableViewController.m; sourceTree = "<group>"; };
		C440AF361CA2425A008ED3AF /* Login.storyboard */ = {isa = PBXFileReference; fileEncoding = 4; lastKnownFileType = file.storyboard; path = Login.storyboard; sourceTree = "<group>"; };
		C4A946301CC5D5A800AEB098 /* HomeInfoViewController.h */ = {isa = PBXFileReference; fileEncoding = 4; lastKnownFileType = sourcecode.c.h; path = HomeInfoViewController.h; sourceTree = "<group>"; };
		C4A946311CC5D5A800AEB098 /* HomeInfoViewController.m */ = {isa = PBXFileReference; fileEncoding = 4; lastKnownFileType = sourcecode.c.objc; path = HomeInfoViewController.m; sourceTree = "<group>"; };
		C4A946341CC5D5E300AEB098 /* XLMatrix.h */ = {isa = PBXFileReference; fileEncoding = 4; lastKnownFileType = sourcecode.c.h; path = XLMatrix.h; sourceTree = "<group>"; };
		C4A946351CC5D5E300AEB098 /* XLPoint.h */ = {isa = PBXFileReference; fileEncoding = 4; lastKnownFileType = sourcecode.c.h; path = XLPoint.h; sourceTree = "<group>"; };
		C4A946361CC5D5E300AEB098 /* XLSphereView.h */ = {isa = PBXFileReference; fileEncoding = 4; lastKnownFileType = sourcecode.c.h; path = XLSphereView.h; sourceTree = "<group>"; };
		C4A946371CC5D5E300AEB098 /* XLSphereView.m */ = {isa = PBXFileReference; fileEncoding = 4; lastKnownFileType = sourcecode.c.objc; path = XLSphereView.m; sourceTree = "<group>"; };
		C4A946391CC5E16000AEB098 /* InfoDetailViewController.h */ = {isa = PBXFileReference; fileEncoding = 4; lastKnownFileType = sourcecode.c.h; path = InfoDetailViewController.h; sourceTree = "<group>"; };
		C4A9463A1CC5E16000AEB098 /* InfoDetailViewController.m */ = {isa = PBXFileReference; fileEncoding = 4; lastKnownFileType = sourcecode.c.objc; path = InfoDetailViewController.m; sourceTree = "<group>"; };
		C4B957871CC0867C0004DFD7 /* CustomTabBarViewController.h */ = {isa = PBXFileReference; fileEncoding = 4; lastKnownFileType = sourcecode.c.h; path = CustomTabBarViewController.h; sourceTree = "<group>"; };
		C4B957881CC0867C0004DFD7 /* CustomTabBarViewController.m */ = {isa = PBXFileReference; fileEncoding = 4; lastKnownFileType = sourcecode.c.objc; path = CustomTabBarViewController.m; sourceTree = "<group>"; };
		C4B9578B1CC0C0E50004DFD7 /* city.plist */ = {isa = PBXFileReference; fileEncoding = 4; lastKnownFileType = text.plist.xml; path = city.plist; sourceTree = "<group>"; };
		C4CB00431CBF4BD3002F5EC0 /* zhiweipai.storyboard */ = {isa = PBXFileReference; fileEncoding = 4; lastKnownFileType = file.storyboard; path = zhiweipai.storyboard; sourceTree = "<group>"; };
		C4CB004E1CBF7DC8002F5EC0 /* ZWPaiTableViewController.h */ = {isa = PBXFileReference; fileEncoding = 4; lastKnownFileType = sourcecode.c.h; path = ZWPaiTableViewController.h; sourceTree = "<group>"; };
		C4CB004F1CBF7DC8002F5EC0 /* ZWPaiTableViewController.m */ = {isa = PBXFileReference; fileEncoding = 4; lastKnownFileType = sourcecode.c.objc; path = ZWPaiTableViewController.m; sourceTree = "<group>"; };
		C4CB00511CBF7F44002F5EC0 /* ZWPaiCollectionView.h */ = {isa = PBXFileReference; fileEncoding = 4; lastKnownFileType = sourcecode.c.h; path = ZWPaiCollectionView.h; sourceTree = "<group>"; };
		C4CB00521CBF7F44002F5EC0 /* ZWPaiCollectionView.m */ = {isa = PBXFileReference; fileEncoding = 4; lastKnownFileType = sourcecode.c.objc; path = ZWPaiCollectionView.m; sourceTree = "<group>"; };
		C4CB00541CBF990A002F5EC0 /* TestCollectionViewCell.h */ = {isa = PBXFileReference; fileEncoding = 4; lastKnownFileType = sourcecode.c.h; path = TestCollectionViewCell.h; sourceTree = "<group>"; };
		C4CB00551CBF990A002F5EC0 /* TestCollectionViewCell.m */ = {isa = PBXFileReference; fileEncoding = 4; lastKnownFileType = sourcecode.c.objc; path = TestCollectionViewCell.m; sourceTree = "<group>"; };
		C4CB00561CBF990A002F5EC0 /* TestCollectionViewCell.xib */ = {isa = PBXFileReference; fileEncoding = 4; lastKnownFileType = file.xib; path = TestCollectionViewCell.xib; sourceTree = "<group>"; };
		C4CB00591CBFA14A002F5EC0 /* BusinessCenterCollectionViewCell.h */ = {isa = PBXFileReference; fileEncoding = 4; lastKnownFileType = sourcecode.c.h; path = BusinessCenterCollectionViewCell.h; sourceTree = "<group>"; };
		C4CB005A1CBFA14A002F5EC0 /* BusinessCenterCollectionViewCell.m */ = {isa = PBXFileReference; fileEncoding = 4; lastKnownFileType = sourcecode.c.objc; path = BusinessCenterCollectionViewCell.m; sourceTree = "<group>"; };
		C4CB005B1CBFA14A002F5EC0 /* BusinessCenterCollectionViewCell.xib */ = {isa = PBXFileReference; fileEncoding = 4; lastKnownFileType = file.xib; path = BusinessCenterCollectionViewCell.xib; sourceTree = "<group>"; };
		C4CB005E1CBFABA3002F5EC0 /* LibraryCollectionViewCell.h */ = {isa = PBXFileReference; fileEncoding = 4; lastKnownFileType = sourcecode.c.h; path = LibraryCollectionViewCell.h; sourceTree = "<group>"; };
		C4CB005F1CBFABA3002F5EC0 /* LibraryCollectionViewCell.m */ = {isa = PBXFileReference; fileEncoding = 4; lastKnownFileType = sourcecode.c.objc; path = LibraryCollectionViewCell.m; sourceTree = "<group>"; };
		C4CB00601CBFABA3002F5EC0 /* LibraryCollectionViewCell.xib */ = {isa = PBXFileReference; fileEncoding = 4; lastKnownFileType = file.xib; path = LibraryCollectionViewCell.xib; sourceTree = "<group>"; };
		C4D396801CBCFF2B00B584B8 /* Mine.storyboard */ = {isa = PBXFileReference; fileEncoding = 4; lastKnownFileType = file.storyboard; path = Mine.storyboard; sourceTree = "<group>"; };
		C4DE96031CBB580F001B56D4 /* logo.png */ = {isa = PBXFileReference; lastKnownFileType = image.png; path = logo.png; sourceTree = "<group>"; };
		C4DE96061CBB7D87001B56D4 /* LoginViewController.h */ = {isa = PBXFileReference; fileEncoding = 4; lastKnownFileType = sourcecode.c.h; path = LoginViewController.h; sourceTree = "<group>"; };
		C4DE96071CBB7D87001B56D4 /* LoginViewController.m */ = {isa = PBXFileReference; fileEncoding = 4; lastKnownFileType = sourcecode.c.objc; path = LoginViewController.m; sourceTree = "<group>"; };
		C4DE96091CBB7DB8001B56D4 /* SendCodeViewController.h */ = {isa = PBXFileReference; fileEncoding = 4; lastKnownFileType = sourcecode.c.h; path = SendCodeViewController.h; sourceTree = "<group>"; };
		C4DE960A1CBB7DB8001B56D4 /* SendCodeViewController.m */ = {isa = PBXFileReference; fileEncoding = 4; lastKnownFileType = sourcecode.c.objc; path = SendCodeViewController.m; sourceTree = "<group>"; };
		C4DE960C1CBB806D001B56D4 /* RegistViewController.h */ = {isa = PBXFileReference; fileEncoding = 4; lastKnownFileType = sourcecode.c.h; path = RegistViewController.h; sourceTree = "<group>"; };
		C4DE960D1CBB806D001B56D4 /* RegistViewController.m */ = {isa = PBXFileReference; fileEncoding = 4; lastKnownFileType = sourcecode.c.objc; path = RegistViewController.m; sourceTree = "<group>"; };
		C4DE960F1CBB807B001B56D4 /* FindPwdViewController.h */ = {isa = PBXFileReference; fileEncoding = 4; lastKnownFileType = sourcecode.c.h; path = FindPwdViewController.h; sourceTree = "<group>"; };
		C4DE96101CBB807B001B56D4 /* FindPwdViewController.m */ = {isa = PBXFileReference; fileEncoding = 4; lastKnownFileType = sourcecode.c.objc; path = FindPwdViewController.m; sourceTree = "<group>"; };
		C4DE96121CBB94E7001B56D4 /* MessageViewController.h */ = {isa = PBXFileReference; fileEncoding = 4; lastKnownFileType = sourcecode.c.h; path = MessageViewController.h; sourceTree = "<group>"; };
		C4DE96131CBB94E7001B56D4 /* MessageViewController.m */ = {isa = PBXFileReference; fileEncoding = 4; lastKnownFileType = sourcecode.c.objc; path = MessageViewController.m; sourceTree = "<group>"; };
		C4E04B791CA0F72A00651651 /* CorepassZhiWei.app */ = {isa = PBXFileReference; explicitFileType = wrapper.application; includeInIndex = 0; path = CorepassZhiWei.app; sourceTree = BUILT_PRODUCTS_DIR; };
		C4E04B7D1CA0F72A00651651 /* main.m */ = {isa = PBXFileReference; lastKnownFileType = sourcecode.c.objc; path = main.m; sourceTree = "<group>"; };
		C4E04B7F1CA0F72A00651651 /* AppDelegate.h */ = {isa = PBXFileReference; lastKnownFileType = sourcecode.c.h; path = AppDelegate.h; sourceTree = "<group>"; };
		C4E04B801CA0F72A00651651 /* AppDelegate.m */ = {isa = PBXFileReference; lastKnownFileType = sourcecode.c.objc; path = AppDelegate.m; sourceTree = "<group>"; };
		C4E04B821CA0F72A00651651 /* ViewController.h */ = {isa = PBXFileReference; lastKnownFileType = sourcecode.c.h; path = ViewController.h; sourceTree = "<group>"; };
		C4E04B831CA0F72A00651651 /* ViewController.m */ = {isa = PBXFileReference; lastKnownFileType = sourcecode.c.objc; path = ViewController.m; sourceTree = "<group>"; };
		C4E04B861CA0F72A00651651 /* Base */ = {isa = PBXFileReference; lastKnownFileType = file.storyboard; name = Base; path = Base.lproj/Main.storyboard; sourceTree = "<group>"; };
		C4E04B881CA0F72A00651651 /* Assets.xcassets */ = {isa = PBXFileReference; lastKnownFileType = folder.assetcatalog; path = Assets.xcassets; sourceTree = "<group>"; };
		C4E04B8B1CA0F72A00651651 /* Base */ = {isa = PBXFileReference; lastKnownFileType = file.storyboard; name = Base; path = Base.lproj/LaunchScreen.storyboard; sourceTree = "<group>"; };
		C4E04B8D1CA0F72A00651651 /* Info.plist */ = {isa = PBXFileReference; lastKnownFileType = text.plist.xml; path = Info.plist; sourceTree = "<group>"; };
		C4E04B921CA0F72A00651651 /* CorepassZhiWeiTests.xctest */ = {isa = PBXFileReference; explicitFileType = wrapper.cfbundle; includeInIndex = 0; path = CorepassZhiWeiTests.xctest; sourceTree = BUILT_PRODUCTS_DIR; };
		C4E04B961CA0F72A00651651 /* CorepassZhiWeiTests.m */ = {isa = PBXFileReference; lastKnownFileType = sourcecode.c.objc; path = CorepassZhiWeiTests.m; sourceTree = "<group>"; };
		C4E04B981CA0F72A00651651 /* Info.plist */ = {isa = PBXFileReference; lastKnownFileType = text.plist.xml; path = Info.plist; sourceTree = "<group>"; };
		C4E04B9D1CA0F72A00651651 /* CorepassZhiWeiUITests.xctest */ = {isa = PBXFileReference; explicitFileType = wrapper.cfbundle; includeInIndex = 0; path = CorepassZhiWeiUITests.xctest; sourceTree = BUILT_PRODUCTS_DIR; };
		C4E04BA11CA0F72A00651651 /* CorepassZhiWeiUITests.m */ = {isa = PBXFileReference; lastKnownFileType = sourcecode.c.objc; path = CorepassZhiWeiUITests.m; sourceTree = "<group>"; };
		C4E04BA31CA0F72A00651651 /* Info.plist */ = {isa = PBXFileReference; lastKnownFileType = text.plist.xml; path = Info.plist; sourceTree = "<group>"; };
		C4E04BB41CA0FF1E00651651 /* HomePage.storyboard */ = {isa = PBXFileReference; fileEncoding = 4; lastKnownFileType = file.storyboard; path = HomePage.storyboard; sourceTree = "<group>"; };
		C4E04BB61CA0FF2B00651651 /* Message.storyboard */ = {isa = PBXFileReference; fileEncoding = 4; lastKnownFileType = file.storyboard; path = Message.storyboard; sourceTree = "<group>"; };
		C4E04BB81CA0FF5400651651 /* Find.storyboard */ = {isa = PBXFileReference; fileEncoding = 4; lastKnownFileType = file.storyboard; path = Find.storyboard; sourceTree = "<group>"; };
		C4E04BBF1CA1526200651651 /* head.jpg */ = {isa = PBXFileReference; lastKnownFileType = image.jpeg; name = head.jpg; path = ../head.jpg; sourceTree = "<group>"; };
/* End PBXFileReference section */

/* Begin PBXFrameworksBuildPhase section */
		C4E04B761CA0F72900651651 /* Frameworks */ = {
			isa = PBXFrameworksBuildPhase;
			buildActionMask = 2147483647;
			files = (
			);
			runOnlyForDeploymentPostprocessing = 0;
		};
		C4E04B8F1CA0F72A00651651 /* Frameworks */ = {
			isa = PBXFrameworksBuildPhase;
			buildActionMask = 2147483647;
			files = (
			);
			runOnlyForDeploymentPostprocessing = 0;
		};
		C4E04B9A1CA0F72A00651651 /* Frameworks */ = {
			isa = PBXFrameworksBuildPhase;
			buildActionMask = 2147483647;
			files = (
			);
			runOnlyForDeploymentPostprocessing = 0;
		};
/* End PBXFrameworksBuildPhase section */

/* Begin PBXGroup section */
		C40379AA1CBCA473009F728A /* model */ = {
			isa = PBXGroup;
			children = (
				C40379AB1CBCA4B2009F728A /* MineViewCollectionViewCell.h */,
				C40379AC1CBCA4B2009F728A /* MineViewCollectionViewCell.m */,
				C43C774F1CBDEC3E009F5E13 /* MyWalletCollectionViewCell.h */,
				C43C77501CBDEC3E009F5E13 /* MyWalletCollectionViewCell.m */,
				C4CB00511CBF7F44002F5EC0 /* ZWPaiCollectionView.h */,
				C4CB00521CBF7F44002F5EC0 /* ZWPaiCollectionView.m */,
				C4CB00541CBF990A002F5EC0 /* TestCollectionViewCell.h */,
				C4CB00551CBF990A002F5EC0 /* TestCollectionViewCell.m */,
				C4CB00561CBF990A002F5EC0 /* TestCollectionViewCell.xib */,
				C4CB00591CBFA14A002F5EC0 /* BusinessCenterCollectionViewCell.h */,
				C4CB005A1CBFA14A002F5EC0 /* BusinessCenterCollectionViewCell.m */,
				C4CB005B1CBFA14A002F5EC0 /* BusinessCenterCollectionViewCell.xib */,
				C4CB005E1CBFABA3002F5EC0 /* LibraryCollectionViewCell.h */,
				C4CB005F1CBFABA3002F5EC0 /* LibraryCollectionViewCell.m */,
				C4CB00601CBFABA3002F5EC0 /* LibraryCollectionViewCell.xib */,
			);
			name = model;
			path = ../CorepassZhiWei;
			sourceTree = "<group>";
		};
		C40379AE1CBCB532009F728A /* CollectionViewCellClickSTB */ = {
			isa = PBXGroup;
			children = (
				C40379AF1CBCB5AB009F728A /* CollectionViewCellClick.storyboard */,
				C40379B11CBCB8F9009F728A /* MissionTableViewController.h */,
				C40379B21CBCB8F9009F728A /* MissionTableViewController.m */,
			);
			name = CollectionViewCellClickSTB;
			sourceTree = "<group>";
		};
		C40379B91CBCF553009F728A /* Edit */ = {
			isa = PBXGroup;
			children = (
				C40379B71CBCF547009F728A /* Edit.storyboard */,
			);
			name = Edit;
			sourceTree = "<group>";
		};
		C43C77461CBDD5C9009F5E13 /* SelfInfomation */ = {
			isa = PBXGroup;
			children = (
				C43C77471CBDD5F5009F5E13 /* SelfInfo.storyboard */,
			);
			name = SelfInfomation;
			sourceTree = "<group>";
		};
		C43C77491CBDD91F009F5E13 /* MyWallet */ = {
			isa = PBXGroup;
			children = (
				C43C774A1CBDD952009F5E13 /* MyWallet.storyboard */,
				C43C774C1CBDEB34009F5E13 /* MyWalletCollectionViewController.h */,
				C43C774D1CBDEB34009F5E13 /* MyWalletCollectionViewController.m */,
			);
			name = MyWallet;
			sourceTree = "<group>";
		};
		C43C77551CBE24CF009F5E13 /* customMade */ = {
			isa = PBXGroup;
			children = (
				C4B9578D1CC0C9C00004DFD7 /* 轮播图 */,
			);
			name = customMade;
			path = ../CorepassZhiWei;
			sourceTree = "<group>";
		};
		C43C77601CBE4C0F009F5E13 /* indexImage */ = {
			isa = PBXGroup;
			children = (
				C43C77611CBE4C37009F5E13 /* fa xian 30  2x.png */,
				C43C77621CBE4C37009F5E13 /* shou ye 30  2x.png */,
				C43C77631CBE4C37009F5E13 /* wo 30  2x.png */,
				C43C77641CBE4C37009F5E13 /* xiao xi 30  2x.png */,
			);
			name = indexImage;
			sourceTree = "<group>";
		};
		C43EB1921CC488DE00E86442 /* 搜索库 */ = {
			isa = PBXGroup;
			children = (
			);
			name = "搜索库";
			sourceTree = "<group>";
		};
		C43EB1BB1CC4BFCE00E86442 /* library */ = {
			isa = PBXGroup;
			children = (
				C43EB19B1CC48C0700E86442 /* ChineseString.h */,
				C43EB19C1CC48C0700E86442 /* ChineseString.m */,
				C43EB19D1CC48C0700E86442 /* pinyin.c */,
				C43EB19E1CC48C0700E86442 /* pinyin.h */,
				C43EB19F1CC48C0700E86442 /* ChineseInclude.h */,
				C43EB1A01CC48C0700E86442 /* ChineseInclude.m */,
				C43EB1A11CC48C0700E86442 /* ChineseToPinyinResource.h */,
				C43EB1A21CC48C0700E86442 /* ChineseToPinyinResource.m */,
				C43EB1A31CC48C0700E86442 /* HanyuPinyinOutputFormat.h */,
				C43EB1A41CC48C0700E86442 /* HanyuPinyinOutputFormat.m */,
				C43EB1A51CC48C0700E86442 /* NSString+PinYin4Cocoa.h */,
				C43EB1A61CC48C0700E86442 /* NSString+PinYin4Cocoa.m */,
				C43EB1A71CC48C0700E86442 /* PinyinFormatter.h */,
				C43EB1A81CC48C0700E86442 /* PinyinFormatter.m */,
				C43EB1A91CC48C0700E86442 /* PinYinForObjc.h */,
				C43EB1AA1CC48C0700E86442 /* PinYinForObjc.m */,
				C43EB1AB1CC48C0700E86442 /* PinyinHelper.h */,
				C43EB1AC1CC48C0700E86442 /* PinyinHelper.m */,
				C43EB1AD1CC48C0700E86442 /* unicode_to_hanyu_pinyin.txt */,
				C43EB1AE1CC48C0700E86442 /* ZYPinYinSearch.h */,
				C43EB1AF1CC48C0700E86442 /* ZYPinYinSearch.m */,
			);
			name = library;
			sourceTree = "<group>";
		};
		C440AF381CA24267008ED3AF /* Login */ = {
			isa = PBXGroup;
			children = (
				C440AF361CA2425A008ED3AF /* Login.storyboard */,
				C4DE96051CBB7C94001B56D4 /* ViewController */,
			);
			name = Login;
			sourceTree = "<group>";
		};
		C4A9462F1CC5D56E00AEB098 /* 资讯 */ = {
			isa = PBXGroup;
			children = (
				C4A946331CC5D5C600AEB098 /* SpereView */,
				C4A946301CC5D5A800AEB098 /* HomeInfoViewController.h */,
				C4A946311CC5D5A800AEB098 /* HomeInfoViewController.m */,
				C4A946391CC5E16000AEB098 /* InfoDetailViewController.h */,
				C4A9463A1CC5E16000AEB098 /* InfoDetailViewController.m */,
			);
			name = "资讯";
			sourceTree = "<group>";
		};
		C4A946331CC5D5C600AEB098 /* SpereView */ = {
			isa = PBXGroup;
			children = (
				C4A946341CC5D5E300AEB098 /* XLMatrix.h */,
				C4A946351CC5D5E300AEB098 /* XLPoint.h */,
				C4A946361CC5D5E300AEB098 /* XLSphereView.h */,
				C4A946371CC5D5E300AEB098 /* XLSphereView.m */,
			);
			name = SpereView;
			sourceTree = "<group>";
		};
		C4B9578A1CC0C0B90004DFD7 /* cityName */ = {
			isa = PBXGroup;
			children = (
				C4B9578B1CC0C0E50004DFD7 /* city.plist */,
			);
			name = cityName;
			sourceTree = "<group>";
		};
		C4B9578D1CC0C9C00004DFD7 /* 轮播图 */ = {
			isa = PBXGroup;
			children = (
				C43C77561CBE254B009F5E13 /* ZXScroll.h */,
				C43C77571CBE254B009F5E13 /* ZXScrollView.h */,
				C43C77581CBE254B009F5E13 /* ZXScrollView.m */,
			);
			name = "轮播图";
			sourceTree = "<group>";
		};
		C4B957991CC0F41C0004DFD7 /* 搜索页 */ = {
			isa = PBXGroup;
			children = (
				C43EB1981CC48B8800E86442 /* AnotherSearchViewController.h */,
				C43EB1991CC48B8800E86442 /* AnotherSearchViewController.m */,
				C43EB1BB1CC4BFCE00E86442 /* library */,
			);
			name = "搜索页";
			sourceTree = "<group>";
		};
		C4CB00421CBF4AF5002F5EC0 /* 智维派 */ = {
			isa = PBXGroup;
			children = (
				C4CB00431CBF4BD3002F5EC0 /* zhiweipai.storyboard */,
				C4CB004E1CBF7DC8002F5EC0 /* ZWPaiTableViewController.h */,
				C4CB004F1CBF7DC8002F5EC0 /* ZWPaiTableViewController.m */,
			);
			name = "智维派";
			sourceTree = "<group>";
		};
		C4DE96051CBB7C94001B56D4 /* ViewController */ = {
			isa = PBXGroup;
			children = (
				C4DE96061CBB7D87001B56D4 /* LoginViewController.h */,
				C4DE96071CBB7D87001B56D4 /* LoginViewController.m */,
				C4DE96091CBB7DB8001B56D4 /* SendCodeViewController.h */,
				C4DE960A1CBB7DB8001B56D4 /* SendCodeViewController.m */,
				C4DE960C1CBB806D001B56D4 /* RegistViewController.h */,
				C4DE960D1CBB806D001B56D4 /* RegistViewController.m */,
				C4DE960F1CBB807B001B56D4 /* FindPwdViewController.h */,
				C4DE96101CBB807B001B56D4 /* FindPwdViewController.m */,
			);
			name = ViewController;
			sourceTree = "<group>";
		};
		C4E04B701CA0F72900651651 = {
			isa = PBXGroup;
			children = (
				C4E04B7B1CA0F72A00651651 /* CorepassZhiWei */,
				C4E04BC11CA1527F00651651 /* resource */,
				C4E04B951CA0F72A00651651 /* CorepassZhiWeiTests */,
				C4E04BA01CA0F72A00651651 /* CorepassZhiWeiUITests */,
				C4E04B7A1CA0F72A00651651 /* Products */,
			);
			sourceTree = "<group>";
		};
		C4E04B7A1CA0F72A00651651 /* Products */ = {
			isa = PBXGroup;
			children = (
				C4E04B791CA0F72A00651651 /* CorepassZhiWei.app */,
				C4E04B921CA0F72A00651651 /* CorepassZhiWeiTests.xctest */,
				C4E04B9D1CA0F72A00651651 /* CorepassZhiWeiUITests.xctest */,
			);
			name = Products;
			sourceTree = "<group>";
		};
		C4E04B7B1CA0F72A00651651 /* CorepassZhiWei */ = {
			isa = PBXGroup;
			children = (
				C4E04BB01CA0FE1400651651 /* HomePage */,
				C4E04BB11CA0FE5100651651 /* Message */,
				C4E04BB21CA0FE8000651651 /* Find */,
				C4E04BB31CA0FE9500651651 /* Mine */,
				C4E04BAF1CA0FDE700651651 /* Main */,
				C4E04B7C1CA0F72A00651651 /* Supporting Files */,
			);
			path = CorepassZhiWei;
			sourceTree = "<group>";
		};
		C4E04B7C1CA0F72A00651651 /* Supporting Files */ = {
			isa = PBXGroup;
			children = (
				C4E04B881CA0F72A00651651 /* Assets.xcassets */,
				C4E04B8A1CA0F72A00651651 /* LaunchScreen.storyboard */,
				C4E04B8D1CA0F72A00651651 /* Info.plist */,
				C4E04B7D1CA0F72A00651651 /* main.m */,
			);
			name = "Supporting Files";
			sourceTree = "<group>";
		};
		C4E04B951CA0F72A00651651 /* CorepassZhiWeiTests */ = {
			isa = PBXGroup;
			children = (
				C4E04B961CA0F72A00651651 /* CorepassZhiWeiTests.m */,
				C4E04B981CA0F72A00651651 /* Info.plist */,
			);
			path = CorepassZhiWeiTests;
			sourceTree = "<group>";
		};
		C4E04BA01CA0F72A00651651 /* CorepassZhiWeiUITests */ = {
			isa = PBXGroup;
			children = (
				C4E04BA11CA0F72A00651651 /* CorepassZhiWeiUITests.m */,
				C4E04BA31CA0F72A00651651 /* Info.plist */,
			);
			path = CorepassZhiWeiUITests;
			sourceTree = "<group>";
		};
		C4E04BAF1CA0FDE700651651 /* Main */ = {
			isa = PBXGroup;
			children = (
				C4E04B7F1CA0F72A00651651 /* AppDelegate.h */,
				C4E04B801CA0F72A00651651 /* AppDelegate.m */,
				C4E04B821CA0F72A00651651 /* ViewController.h */,
				C4E04B831CA0F72A00651651 /* ViewController.m */,
				C4B957871CC0867C0004DFD7 /* CustomTabBarViewController.h */,
				C4B957881CC0867C0004DFD7 /* CustomTabBarViewController.m */,
				C43EB1BC1CC4C70E00E86442 /* CustomNavViewController.h */,
				C43EB1BD1CC4C70E00E86442 /* CustomNavViewController.m */,
				C43EB1BF1CC4D1F400E86442 /* BaseTableViewController.h */,
				C43EB1C01CC4D1F400E86442 /* BaseTableViewController.m */,
				C4E04B851CA0F72A00651651 /* Main.storyboard */,
			);
			name = Main;
			sourceTree = "<group>";
		};
		C4E04BB01CA0FE1400651651 /* HomePage */ = {
			isa = PBXGroup;
			children = (
				C4A9462F1CC5D56E00AEB098 /* 资讯 */,
				C4B957991CC0F41C0004DFD7 /* 搜索页 */,
				C4E04BB41CA0FF1E00651651 /* HomePage.storyboard */,
				C40379B41CBCD911009F728A /* HomeTableViewController.h */,
				C40379B51CBCD911009F728A /* HomeTableViewController.m */,
				C4CB00421CBF4AF5002F5EC0 /* 智维派 */,
			);
			name = HomePage;
			sourceTree = "<group>";
		};
		C4E04BB11CA0FE5100651651 /* Message */ = {
			isa = PBXGroup;
			children = (
				C4E04BB61CA0FF2B00651651 /* Message.storyboard */,
				C4DE96121CBB94E7001B56D4 /* MessageViewController.h */,
				C4DE96131CBB94E7001B56D4 /* MessageViewController.m */,
			);
			name = Message;
			sourceTree = "<group>";
		};
		C4E04BB21CA0FE8000651651 /* Find */ = {
			isa = PBXGroup;
			children = (
				C4E04BB81CA0FF5400651651 /* Find.storyboard */,
				C40379A71CBC8643009F728A /* FindTableViewController.h */,
				C40379A81CBC8643009F728A /* FindTableViewController.m */,
			);
			name = Find;
			sourceTree = "<group>";
		};
		C4E04BB31CA0FE9500651651 /* Mine */ = {
			isa = PBXGroup;
			children = (
				C4D396801CBCFF2B00B584B8 /* Mine.storyboard */,
				C40379A41CBC853A009F728A /* MineTableViewController.h */,
				C40379A51CBC853A009F728A /* MineTableViewController.m */,
				C43C77491CBDD91F009F5E13 /* MyWallet */,
				C43C77461CBDD5C9009F5E13 /* SelfInfomation */,
				C40379B91CBCF553009F728A /* Edit */,
				C40379AE1CBCB532009F728A /* CollectionViewCellClickSTB */,
				C440AF381CA24267008ED3AF /* Login */,
			);
			name = Mine;
			sourceTree = "<group>";
		};
		C4E04BC11CA1527F00651651 /* resource */ = {
			isa = PBXGroup;
			children = (
				C43C77551CBE24CF009F5E13 /* customMade */,
				C40379AA1CBCA473009F728A /* model */,
				C43EB1921CC488DE00E86442 /* 搜索库 */,
				C4B9578A1CC0C0B90004DFD7 /* cityName */,
				C43C77601CBE4C0F009F5E13 /* indexImage */,
				C43C775E1CBE4324009F5E13 /* 11.jpg */,
				C43C775A1CBE286E009F5E13 /* 1.jpg */,
				C43C775B1CBE286E009F5E13 /* 2.jpg */,
				C4DE96031CBB580F001B56D4 /* logo.png */,
				C4E04BBF1CA1526200651651 /* head.jpg */,
			);
			name = resource;
			path = CorepassZhiWeiTests;
			sourceTree = "<group>";
		};
/* End PBXGroup section */

/* Begin PBXNativeTarget section */
		C4E04B781CA0F72900651651 /* CorepassZhiWei */ = {
			isa = PBXNativeTarget;
			buildConfigurationList = C4E04BA61CA0F72A00651651 /* Build configuration list for PBXNativeTarget "CorepassZhiWei" */;
			buildPhases = (
				C4E04B751CA0F72900651651 /* Sources */,
				C4E04B761CA0F72900651651 /* Frameworks */,
				C4E04B771CA0F72900651651 /* Resources */,
			);
			buildRules = (
			);
			dependencies = (
			);
			name = CorepassZhiWei;
			productName = CorepassZhiWei;
			productReference = C4E04B791CA0F72A00651651 /* CorepassZhiWei.app */;
			productType = "com.apple.product-type.application";
		};
		C4E04B911CA0F72A00651651 /* CorepassZhiWeiTests */ = {
			isa = PBXNativeTarget;
			buildConfigurationList = C4E04BA91CA0F72A00651651 /* Build configuration list for PBXNativeTarget "CorepassZhiWeiTests" */;
			buildPhases = (
				C4E04B8E1CA0F72A00651651 /* Sources */,
				C4E04B8F1CA0F72A00651651 /* Frameworks */,
				C4E04B901CA0F72A00651651 /* Resources */,
			);
			buildRules = (
			);
			dependencies = (
				C4E04B941CA0F72A00651651 /* PBXTargetDependency */,
			);
			name = CorepassZhiWeiTests;
			productName = CorepassZhiWeiTests;
			productReference = C4E04B921CA0F72A00651651 /* CorepassZhiWeiTests.xctest */;
			productType = "com.apple.product-type.bundle.unit-test";
		};
		C4E04B9C1CA0F72A00651651 /* CorepassZhiWeiUITests */ = {
			isa = PBXNativeTarget;
			buildConfigurationList = C4E04BAC1CA0F72A00651651 /* Build configuration list for PBXNativeTarget "CorepassZhiWeiUITests" */;
			buildPhases = (
				C4E04B991CA0F72A00651651 /* Sources */,
				C4E04B9A1CA0F72A00651651 /* Frameworks */,
				C4E04B9B1CA0F72A00651651 /* Resources */,
			);
			buildRules = (
			);
			dependencies = (
				C4E04B9F1CA0F72A00651651 /* PBXTargetDependency */,
			);
			name = CorepassZhiWeiUITests;
			productName = CorepassZhiWeiUITests;
			productReference = C4E04B9D1CA0F72A00651651 /* CorepassZhiWeiUITests.xctest */;
			productType = "com.apple.product-type.bundle.ui-testing";
		};
/* End PBXNativeTarget section */

/* Begin PBXProject section */
		C4E04B711CA0F72900651651 /* Project object */ = {
			isa = PBXProject;
			attributes = {
				LastUpgradeCheck = 0720;
				ORGANIZATIONNAME = YANG;
				TargetAttributes = {
					C4E04B781CA0F72900651651 = {
						CreatedOnToolsVersion = 7.2.1;
					};
					C4E04B911CA0F72A00651651 = {
						CreatedOnToolsVersion = 7.2.1;
						TestTargetID = C4E04B781CA0F72900651651;
					};
					C4E04B9C1CA0F72A00651651 = {
						CreatedOnToolsVersion = 7.2.1;
						TestTargetID = C4E04B781CA0F72900651651;
					};
				};
			};
			buildConfigurationList = C4E04B741CA0F72900651651 /* Build configuration list for PBXProject "CorepassZhiWei" */;
			compatibilityVersion = "Xcode 3.2";
			developmentRegion = English;
			hasScannedForEncodings = 0;
			knownRegions = (
				en,
				Base,
			);
			mainGroup = C4E04B701CA0F72900651651;
			productRefGroup = C4E04B7A1CA0F72A00651651 /* Products */;
			projectDirPath = "";
			projectRoot = "";
			targets = (
				C4E04B781CA0F72900651651 /* CorepassZhiWei */,
				C4E04B911CA0F72A00651651 /* CorepassZhiWeiTests */,
				C4E04B9C1CA0F72A00651651 /* CorepassZhiWeiUITests */,
			);
		};
/* End PBXProject section */

/* Begin PBXResourcesBuildPhase section */
		C4E04B771CA0F72900651651 /* Resources */ = {
			isa = PBXResourcesBuildPhase;
			buildActionMask = 2147483647;
			files = (
				C4DE96041CBB580F001B56D4 /* logo.png in Resources */,
				C4E04BB51CA0FF1E00651651 /* HomePage.storyboard in Resources */,
				C43C77681CBE4C37009F5E13 /* xiao xi 30  2x.png in Resources */,
				C4CB00441CBF4BD3002F5EC0 /* zhiweipai.storyboard in Resources */,
				C4E04BC01CA1526200651651 /* head.jpg in Resources */,
				C4E04B8C1CA0F72A00651651 /* LaunchScreen.storyboard in Resources */,
				C40379B81CBCF547009F728A /* Edit.storyboard in Resources */,
				C43EB1B91CC48C0700E86442 /* unicode_to_hanyu_pinyin.txt in Resources */,
				C40379B01CBCB5AB009F728A /* CollectionViewCellClick.storyboard in Resources */,
				C43C775D1CBE286E009F5E13 /* 2.jpg in Resources */,
				C43C77671CBE4C37009F5E13 /* wo 30  2x.png in Resources */,
				C4E04BB71CA0FF2B00651651 /* Message.storyboard in Resources */,
				C4D396811CBCFF2B00B584B8 /* Mine.storyboard in Resources */,
				C43C77651CBE4C37009F5E13 /* fa xian 30  2x.png in Resources */,
				C4E04B891CA0F72A00651651 /* Assets.xcassets in Resources */,
				C43C775C1CBE286E009F5E13 /* 1.jpg in Resources */,
				C43C77481CBDD5F5009F5E13 /* SelfInfo.storyboard in Resources */,
				C4E04B871CA0F72A00651651 /* Main.storyboard in Resources */,
				C4B9578C1CC0C0E50004DFD7 /* city.plist in Resources */,
				C4CB005D1CBFA14A002F5EC0 /* BusinessCenterCollectionViewCell.xib in Resources */,
				C4E04BB91CA0FF5400651651 /* Find.storyboard in Resources */,
				C4CB00621CBFABA3002F5EC0 /* LibraryCollectionViewCell.xib in Resources */,
				C4CB00581CBF990A002F5EC0 /* TestCollectionViewCell.xib in Resources */,
				C440AF371CA2425A008ED3AF /* Login.storyboard in Resources */,
				C43C774B1CBDD952009F5E13 /* MyWallet.storyboard in Resources */,
				C43C77661CBE4C37009F5E13 /* shou ye 30  2x.png in Resources */,
				C43C775F1CBE4324009F5E13 /* 11.jpg in Resources */,
			);
			runOnlyForDeploymentPostprocessing = 0;
		};
		C4E04B901CA0F72A00651651 /* Resources */ = {
			isa = PBXResourcesBuildPhase;
			buildActionMask = 2147483647;
			files = (
			);
			runOnlyForDeploymentPostprocessing = 0;
		};
		C4E04B9B1CA0F72A00651651 /* Resources */ = {
			isa = PBXResourcesBuildPhase;
			buildActionMask = 2147483647;
			files = (
			);
			runOnlyForDeploymentPostprocessing = 0;
		};
/* End PBXResourcesBuildPhase section */

/* Begin PBXSourcesBuildPhase section */
		C4E04B751CA0F72900651651 /* Sources */ = {
			isa = PBXSourcesBuildPhase;
			buildActionMask = 2147483647;
			files = (
				C43EB1B31CC48C0700E86442 /* ChineseToPinyinResource.m in Sources */,
				C4DE96081CBB7D87001B56D4 /* LoginViewController.m in Sources */,
				C40379B61CBCD911009F728A /* HomeTableViewController.m in Sources */,
				C4E04B841CA0F72A00651651 /* ViewController.m in Sources */,
				C4DE960E1CBB806D001B56D4 /* RegistViewController.m in Sources */,
				C43C77511CBDEC3E009F5E13 /* MyWalletCollectionViewCell.m in Sources */,
				C43EB1B51CC48C0700E86442 /* NSString+PinYin4Cocoa.m in Sources */,
				C43EB1B41CC48C0700E86442 /* HanyuPinyinOutputFormat.m in Sources */,
				C4CB00531CBF7F44002F5EC0 /* ZWPaiCollectionView.m in Sources */,
				C43EB1B21CC48C0700E86442 /* ChineseInclude.m in Sources */,
				C43EB1B11CC48C0700E86442 /* pinyin.c in Sources */,
				C43C77591CBE254B009F5E13 /* ZXScrollView.m in Sources */,
				C43EB1B01CC48C0700E86442 /* ChineseString.m in Sources */,
				C4E04B811CA0F72A00651651 /* AppDelegate.m in Sources */,
				C4DE960B1CBB7DB8001B56D4 /* SendCodeViewController.m in Sources */,
				C4CB005C1CBFA14A002F5EC0 /* BusinessCenterCollectionViewCell.m in Sources */,
				C4DE96111CBB807B001B56D4 /* FindPwdViewController.m in Sources */,
				C40379A91CBC8643009F728A /* FindTableViewController.m in Sources */,
				C43EB1BA1CC48C0700E86442 /* ZYPinYinSearch.m in Sources */,
				C4A946321CC5D5A800AEB098 /* HomeInfoViewController.m in Sources */,
				C43EB1BE1CC4C70E00E86442 /* CustomNavViewController.m in Sources */,
				C40379AD1CBCA4B2009F728A /* MineViewCollectionViewCell.m in Sources */,
				C43EB19A1CC48B8800E86442 /* AnotherSearchViewController.m in Sources */,
				C40379B31CBCB8F9009F728A /* MissionTableViewController.m in Sources */,
				C4CB00501CBF7DC8002F5EC0 /* ZWPaiTableViewController.m in Sources */,
				C43EB1C11CC4D1F400E86442 /* BaseTableViewController.m in Sources */,
				C43EB1B61CC48C0700E86442 /* PinyinFormatter.m in Sources */,
				C4A9463B1CC5E16000AEB098 /* InfoDetailViewController.m in Sources */,
				C40379A61CBC853A009F728A /* MineTableViewController.m in Sources */,
				C4A946381CC5D5E300AEB098 /* XLSphereView.m in Sources */,
				C43C774E1CBDEB34009F5E13 /* MyWalletCollectionViewController.m in Sources */,
				C4CB00611CBFABA3002F5EC0 /* LibraryCollectionViewCell.m in Sources */,
				C4DE96141CBB94E7001B56D4 /* MessageViewController.m in Sources */,
				C43EB1B81CC48C0700E86442 /* PinyinHelper.m in Sources */,
				C4B957891CC0867C0004DFD7 /* CustomTabBarViewController.m in Sources */,
				C4CB00571CBF990A002F5EC0 /* TestCollectionViewCell.m in Sources */,
				C4E04B7E1CA0F72A00651651 /* main.m in Sources */,
				C43EB1B71CC48C0700E86442 /* PinYinForObjc.m in Sources */,
			);
			runOnlyForDeploymentPostprocessing = 0;
		};
		C4E04B8E1CA0F72A00651651 /* Sources */ = {
			isa = PBXSourcesBuildPhase;
			buildActionMask = 2147483647;
			files = (
				C4E04B971CA0F72A00651651 /* CorepassZhiWeiTests.m in Sources */,
			);
			runOnlyForDeploymentPostprocessing = 0;
		};
		C4E04B991CA0F72A00651651 /* Sources */ = {
			isa = PBXSourcesBuildPhase;
			buildActionMask = 2147483647;
			files = (
				C4E04BA21CA0F72A00651651 /* CorepassZhiWeiUITests.m in Sources */,
			);
			runOnlyForDeploymentPostprocessing = 0;
		};
/* End PBXSourcesBuildPhase section */

/* Begin PBXTargetDependency section */
		C4E04B941CA0F72A00651651 /* PBXTargetDependency */ = {
			isa = PBXTargetDependency;
			target = C4E04B781CA0F72900651651 /* CorepassZhiWei */;
			targetProxy = C4E04B931CA0F72A00651651 /* PBXContainerItemProxy */;
		};
		C4E04B9F1CA0F72A00651651 /* PBXTargetDependency */ = {
			isa = PBXTargetDependency;
			target = C4E04B781CA0F72900651651 /* CorepassZhiWei */;
			targetProxy = C4E04B9E1CA0F72A00651651 /* PBXContainerItemProxy */;
		};
/* End PBXTargetDependency section */

/* Begin PBXVariantGroup section */
		C4E04B851CA0F72A00651651 /* Main.storyboard */ = {
			isa = PBXVariantGroup;
			children = (
				C4E04B861CA0F72A00651651 /* Base */,
			);
			name = Main.storyboard;
			sourceTree = "<group>";
		};
		C4E04B8A1CA0F72A00651651 /* LaunchScreen.storyboard */ = {
			isa = PBXVariantGroup;
			children = (
				C4E04B8B1CA0F72A00651651 /* Base */,
			);
			name = LaunchScreen.storyboard;
			sourceTree = "<group>";
		};
/* End PBXVariantGroup section */

/* Begin XCBuildConfiguration section */
		C4E04BA41CA0F72A00651651 /* Debug */ = {
			isa = XCBuildConfiguration;
			buildSettings = {
				ALWAYS_SEARCH_USER_PATHS = NO;
				CLANG_CXX_LANGUAGE_STANDARD = "gnu++0x";
				CLANG_CXX_LIBRARY = "libc++";
				CLANG_ENABLE_MODULES = YES;
				CLANG_ENABLE_OBJC_ARC = YES;
				CLANG_WARN_BOOL_CONVERSION = YES;
				CLANG_WARN_CONSTANT_CONVERSION = YES;
				CLANG_WARN_DIRECT_OBJC_ISA_USAGE = YES_ERROR;
				CLANG_WARN_EMPTY_BODY = YES;
				CLANG_WARN_ENUM_CONVERSION = YES;
				CLANG_WARN_INT_CONVERSION = YES;
				CLANG_WARN_OBJC_ROOT_CLASS = YES_ERROR;
				CLANG_WARN_UNREACHABLE_CODE = YES;
				CLANG_WARN__DUPLICATE_METHOD_MATCH = YES;
				"CODE_SIGN_IDENTITY[sdk=iphoneos*]" = "iPhone Developer";
				COPY_PHASE_STRIP = NO;
				DEBUG_INFORMATION_FORMAT = dwarf;
				ENABLE_STRICT_OBJC_MSGSEND = YES;
				ENABLE_TESTABILITY = YES;
				GCC_C_LANGUAGE_STANDARD = gnu99;
				GCC_DYNAMIC_NO_PIC = NO;
				GCC_NO_COMMON_BLOCKS = YES;
				GCC_OPTIMIZATION_LEVEL = 0;
				GCC_PREPROCESSOR_DEFINITIONS = (
					"DEBUG=1",
					"$(inherited)",
				);
				GCC_WARN_64_TO_32_BIT_CONVERSION = YES;
				GCC_WARN_ABOUT_RETURN_TYPE = YES_ERROR;
				GCC_WARN_UNDECLARED_SELECTOR = YES;
				GCC_WARN_UNINITIALIZED_AUTOS = YES_AGGRESSIVE;
				GCC_WARN_UNUSED_FUNCTION = YES;
				GCC_WARN_UNUSED_VARIABLE = YES;
				IPHONEOS_DEPLOYMENT_TARGET = 9.2;
				MTL_ENABLE_DEBUG_INFO = YES;
				ONLY_ACTIVE_ARCH = YES;
				SDKROOT = iphoneos;
			};
			name = Debug;
		};
		C4E04BA51CA0F72A00651651 /* Release */ = {
			isa = XCBuildConfiguration;
			buildSettings = {
				ALWAYS_SEARCH_USER_PATHS = NO;
				CLANG_CXX_LANGUAGE_STANDARD = "gnu++0x";
				CLANG_CXX_LIBRARY = "libc++";
				CLANG_ENABLE_MODULES = YES;
				CLANG_ENABLE_OBJC_ARC = YES;
				CLANG_WARN_BOOL_CONVERSION = YES;
				CLANG_WARN_CONSTANT_CONVERSION = YES;
				CLANG_WARN_DIRECT_OBJC_ISA_USAGE = YES_ERROR;
				CLANG_WARN_EMPTY_BODY = YES;
				CLANG_WARN_ENUM_CONVERSION = YES;
				CLANG_WARN_INT_CONVERSION = YES;
				CLANG_WARN_OBJC_ROOT_CLASS = YES_ERROR;
				CLANG_WARN_UNREACHABLE_CODE = YES;
				CLANG_WARN__DUPLICATE_METHOD_MATCH = YES;
				"CODE_SIGN_IDENTITY[sdk=iphoneos*]" = "iPhone Developer";
				COPY_PHASE_STRIP = NO;
				DEBUG_INFORMATION_FORMAT = "dwarf-with-dsym";
				ENABLE_NS_ASSERTIONS = NO;
				ENABLE_STRICT_OBJC_MSGSEND = YES;
				GCC_C_LANGUAGE_STANDARD = gnu99;
				GCC_NO_COMMON_BLOCKS = YES;
				GCC_WARN_64_TO_32_BIT_CONVERSION = YES;
				GCC_WARN_ABOUT_RETURN_TYPE = YES_ERROR;
				GCC_WARN_UNDECLARED_SELECTOR = YES;
				GCC_WARN_UNINITIALIZED_AUTOS = YES_AGGRESSIVE;
				GCC_WARN_UNUSED_FUNCTION = YES;
				GCC_WARN_UNUSED_VARIABLE = YES;
				IPHONEOS_DEPLOYMENT_TARGET = 9.2;
				MTL_ENABLE_DEBUG_INFO = NO;
				SDKROOT = iphoneos;
				VALIDATE_PRODUCT = YES;
			};
			name = Release;
		};
		C4E04BA71CA0F72A00651651 /* Debug */ = {
			isa = XCBuildConfiguration;
			buildSettings = {
				ASSETCATALOG_COMPILER_APPICON_NAME = AppIcon;
				INFOPLIST_FILE = CorepassZhiWei/Info.plist;
				IPHONEOS_DEPLOYMENT_TARGET = 9.2;
				LD_RUNPATH_SEARCH_PATHS = "$(inherited) @executable_path/Frameworks";
				PRODUCT_BUNDLE_IDENTIFIER = cn.YANG.CorepassZhiWei;
				PRODUCT_NAME = "$(TARGET_NAME)";
			};
			name = Debug;
		};
		C4E04BA81CA0F72A00651651 /* Release */ = {
			isa = XCBuildConfiguration;
			buildSettings = {
				ASSETCATALOG_COMPILER_APPICON_NAME = AppIcon;
				INFOPLIST_FILE = CorepassZhiWei/Info.plist;
				IPHONEOS_DEPLOYMENT_TARGET = 9.2;
				LD_RUNPATH_SEARCH_PATHS = "$(inherited) @executable_path/Frameworks";
				PRODUCT_BUNDLE_IDENTIFIER = cn.YANG.CorepassZhiWei;
				PRODUCT_NAME = "$(TARGET_NAME)";
			};
			name = Release;
		};
		C4E04BAA1CA0F72A00651651 /* Debug */ = {
			isa = XCBuildConfiguration;
			buildSettings = {
				BUNDLE_LOADER = "$(TEST_HOST)";
				INFOPLIST_FILE = CorepassZhiWeiTests/Info.plist;
				LD_RUNPATH_SEARCH_PATHS = "$(inherited) @executable_path/Frameworks @loader_path/Frameworks";
				PRODUCT_BUNDLE_IDENTIFIER = cn.YANG.CorepassZhiWeiTests;
				PRODUCT_NAME = "$(TARGET_NAME)";
				TEST_HOST = "$(BUILT_PRODUCTS_DIR)/CorepassZhiWei.app/CorepassZhiWei";
			};
			name = Debug;
		};
		C4E04BAB1CA0F72A00651651 /* Release */ = {
			isa = XCBuildConfiguration;
			buildSettings = {
				BUNDLE_LOADER = "$(TEST_HOST)";
				INFOPLIST_FILE = CorepassZhiWeiTests/Info.plist;
				LD_RUNPATH_SEARCH_PATHS = "$(inherited) @executable_path/Frameworks @loader_path/Frameworks";
				PRODUCT_BUNDLE_IDENTIFIER = cn.YANG.CorepassZhiWeiTests;
				PRODUCT_NAME = "$(TARGET_NAME)";
				TEST_HOST = "$(BUILT_PRODUCTS_DIR)/CorepassZhiWei.app/CorepassZhiWei";
			};
			name = Release;
		};
		C4E04BAD1CA0F72A00651651 /* Debug */ = {
			isa = XCBuildConfiguration;
			buildSettings = {
				INFOPLIST_FILE = CorepassZhiWeiUITests/Info.plist;
				LD_RUNPATH_SEARCH_PATHS = "$(inherited) @executable_path/Frameworks @loader_path/Frameworks";
				PRODUCT_BUNDLE_IDENTIFIER = cn.YANG.CorepassZhiWeiUITests;
				PRODUCT_NAME = "$(TARGET_NAME)";
				TEST_TARGET_NAME = CorepassZhiWei;
				USES_XCTRUNNER = YES;
			};
			name = Debug;
		};
		C4E04BAE1CA0F72A00651651 /* Release */ = {
			isa = XCBuildConfiguration;
			buildSettings = {
				INFOPLIST_FILE = CorepassZhiWeiUITests/Info.plist;
				LD_RUNPATH_SEARCH_PATHS = "$(inherited) @executable_path/Frameworks @loader_path/Frameworks";
				PRODUCT_BUNDLE_IDENTIFIER = cn.YANG.CorepassZhiWeiUITests;
				PRODUCT_NAME = "$(TARGET_NAME)";
				TEST_TARGET_NAME = CorepassZhiWei;
				USES_XCTRUNNER = YES;
			};
			name = Release;
		};
/* End XCBuildConfiguration section */

/* Begin XCConfigurationList section */
		C4E04B741CA0F72900651651 /* Build configuration list for PBXProject "CorepassZhiWei" */ = {
			isa = XCConfigurationList;
			buildConfigurations = (
				C4E04BA41CA0F72A00651651 /* Debug */,
				C4E04BA51CA0F72A00651651 /* Release */,
			);
			defaultConfigurationIsVisible = 0;
			defaultConfigurationName = Release;
		};
		C4E04BA61CA0F72A00651651 /* Build configuration list for PBXNativeTarget "CorepassZhiWei" */ = {
			isa = XCConfigurationList;
			buildConfigurations = (
				C4E04BA71CA0F72A00651651 /* Debug */,
				C4E04BA81CA0F72A00651651 /* Release */,
			);
			defaultConfigurationIsVisible = 0;
			defaultConfigurationName = Release;
		};
		C4E04BA91CA0F72A00651651 /* Build configuration list for PBXNativeTarget "CorepassZhiWeiTests" */ = {
			isa = XCConfigurationList;
			buildConfigurations = (
				C4E04BAA1CA0F72A00651651 /* Debug */,
				C4E04BAB1CA0F72A00651651 /* Release */,
			);
			defaultConfigurationIsVisible = 0;
			defaultConfigurationName = Release;
		};
		C4E04BAC1CA0F72A00651651 /* Build configuration list for PBXNativeTarget "CorepassZhiWeiUITests" */ = {
			isa = XCConfigurationList;
			buildConfigurations = (
				C4E04BAD1CA0F72A00651651 /* Debug */,
				C4E04BAE1CA0F72A00651651 /* Release */,
			);
			defaultConfigurationIsVisible = 0;
			defaultConfigurationName = Release;
		};
/* End XCConfigurationList section */
	};
	rootObject = C4E04B711CA0F72900651651 /* Project object */;
}
